<?xml version="1.0" encoding="utf-8"?>
<Project ToolsVersion="4.0" xmlns="http://schemas.microsoft.com/developer/msbuild/2003">
  <ItemGroup>
    <Filter Include="Source Files">
      <UniqueIdentifier>{4FC737F1-C7A5-4376-A066-2A32D752A2FF}</UniqueIdentifier>
      <Extensions>cpp;c;cc;cxx;def;odl;idl;hpj;bat;asm;asmx</Extensions>
    </Filter>
    <Filter Include="Header Files">
      <UniqueIdentifier>{93995380-89BD-4b04-88EB-625FBE52EBFB}</UniqueIdentifier>
      <Extensions>h;hh;hpp;hxx;hm;inl;inc;xsd</Extensions>
    </Filter>
    <Filter Include="Resource Files">
      <UniqueIdentifier>{67DA6AB6-F800-4c08-8B7A-83BB121AAD01}</UniqueIdentifier>
      <Extensions>rc;ico;cur;bmp;dlg;rc2;rct;bin;rgs;gif;jpg;jpeg;jpe;resx;tiff;tif;png;wav;mfcribbon-ms</Extensions>
    </Filter>
    <Filter Include="Source Files\WindowManager">
      <UniqueIdentifier>{d3beca39-3ef7-48c5-b4d3-acb420202ea2}</UniqueIdentifier>
    </Filter>
    <Filter Include="Source Files\Graphics">
      <UniqueIdentifier>{2af89855-8ea5-4bd8-92db-635ea7e7877a}</UniqueIdentifier>
    </Filter>
    <Filter Include="Source Files\Graphics\DX12Device">
      <UniqueIdentifier>{01531e2a-dc06-43bb-8f40-218af47febbe}</UniqueIdentifier>
    </Filter>
    <Filter Include="Source Files\Graphics\CommandList">
      <UniqueIdentifier>{78fa53d5-267c-4474-9ba5-cec25043c747}</UniqueIdentifier>
    </Filter>
  </ItemGroup>
  <ItemGroup>
    <ClCompile Include="main.cpp">
      <Filter>Source Files</Filter>
    </ClCompile>
    <ClCompile Include="WindowManager.cpp">
      <Filter>Source Files\WindowManager</Filter>
    </ClCompile>
    <ClCompile Include="DX12Device.cpp">
      <Filter>Source Files\Graphics\DX12Device</Filter>
    </ClCompile>
    <ClCompile Include="CommandList.cpp">
      <Filter>Source Files\Graphics\CommandList</Filter>
    </ClCompile>
  </ItemGroup>
  <ItemGroup>
    <ClInclude Include="WindowManager.h">
      <Filter>Source Files\WindowManager</Filter>
    </ClInclude>
    <ClInclude Include="DX12Device.h">
      <Filter>Source Files\Graphics\DX12Device</Filter>
    </ClInclude>
    <ClInclude Include="CommandList.h">
      <Filter>Source Files\Graphics\CommandList</Filter>
    </ClInclude>
  </ItemGroup>
</Project>